// !$*UTF8*$!
{
	archiveVersion = 1;
	classes = {
	};
	objectVersion = 50;
	objects = {

/* Begin PBXBuildFile section */
		1E0635C1215E93A400AD92B2 /* FacebookUserModel.swift in Sources */ = {isa = PBXBuildFile; fileRef = 1E0635C0215E93A400AD92B2 /* FacebookUserModel.swift */; };
		1E0635C4215EBDED00AD92B2 /* MyProfileRequest.swift in Sources */ = {isa = PBXBuildFile; fileRef = 1E0635C3215EBDED00AD92B2 /* MyProfileRequest.swift */; };
		1E21AB352184FB9D0091EA67 /* LoginController.swift in Sources */ = {isa = PBXBuildFile; fileRef = 1E21AB342184FB9D0091EA67 /* LoginController.swift */; };
		1E4D4D2E218EEBF000CC4E86 /* SharePhotoController.swift in Sources */ = {isa = PBXBuildFile; fileRef = 1E4D4D2D218EEBF000CC4E86 /* SharePhotoController.swift */; };
		1E6AC3812170DC9A00334DDD /* MainTabBarController.swift in Sources */ = {isa = PBXBuildFile; fileRef = 1E6AC3802170DC9A00334DDD /* MainTabBarController.swift */; };
		1E6AC3832170DF4400334DDD /* UserProfileController.swift in Sources */ = {isa = PBXBuildFile; fileRef = 1E6AC3822170DF4400334DDD /* UserProfileController.swift */; };
		1EAF142421713E85009221B5 /* UserProfileHeader.swift in Sources */ = {isa = PBXBuildFile; fileRef = 1EAF142321713E85009221B5 /* UserProfileHeader.swift */; };
		1EC90F062144AB8A0060FCFB /* AppDelegate.swift in Sources */ = {isa = PBXBuildFile; fileRef = 1EC90F052144AB8A0060FCFB /* AppDelegate.swift */; };
		1EC90F082144AB8A0060FCFB /* SignUpController.swift in Sources */ = {isa = PBXBuildFile; fileRef = 1EC90F072144AB8A0060FCFB /* SignUpController.swift */; };
		1EC90F0B2144AB8A0060FCFB /* Main.storyboard in Resources */ = {isa = PBXBuildFile; fileRef = 1EC90F092144AB8A0060FCFB /* Main.storyboard */; };
		1EC90F0D2144AB8C0060FCFB /* Assets.xcassets in Resources */ = {isa = PBXBuildFile; fileRef = 1EC90F0C2144AB8C0060FCFB /* Assets.xcassets */; };
		1EC90F102144AB8C0060FCFB /* LaunchScreen.storyboard in Resources */ = {isa = PBXBuildFile; fileRef = 1EC90F0E2144AB8C0060FCFB /* LaunchScreen.storyboard */; };
		1EC90F192144C61F0060FCFB /* Extensions.swift in Sources */ = {isa = PBXBuildFile; fileRef = 1EC90F182144C61F0060FCFB /* Extensions.swift */; };
		1EC90F1B2144DA110060FCFB /* GoogleService-Info.plist in Resources */ = {isa = PBXBuildFile; fileRef = 1EC90F1A2144DA110060FCFB /* GoogleService-Info.plist */; };
		1EE199D521891C9000167095 /* PhotoSelectorController.swift in Sources */ = {isa = PBXBuildFile; fileRef = 1EE199D421891C9000167095 /* PhotoSelectorController.swift */; };
		1EE199D7218938D100167095 /* PhotoSelectorCell.swift in Sources */ = {isa = PBXBuildFile; fileRef = 1EE199D6218938D100167095 /* PhotoSelectorCell.swift */; };
		63F390282192F99E00C780ED /* Post.swift in Sources */ = {isa = PBXBuildFile; fileRef = 63F390272192F99E00C780ED /* Post.swift */; };
		63F3902A2193096F00C780ED /* UserProfilePhotoCell.swift in Sources */ = {isa = PBXBuildFile; fileRef = 63F390292193096F00C780ED /* UserProfilePhotoCell.swift */; };
		63F3902C21932C5600C780ED /* CustomImageView.swift in Sources */ = {isa = PBXBuildFile; fileRef = 63F3902B21932C5600C780ED /* CustomImageView.swift */; };
		BCFFEAE27A8AB344318C493D /* Pods_Instgram.framework in Frameworks */ = {isa = PBXBuildFile; fileRef = 684ABA74A7BFC798E96824B9 /* Pods_Instgram.framework */; };
/* End PBXBuildFile section */

/* Begin PBXFileReference section */
		1E0635BB215E535E00AD92B2 /* Instgram.entitlements */ = {isa = PBXFileReference; lastKnownFileType = text.plist.entitlements; path = Instgram.entitlements; sourceTree = "<group>"; };
		1E0635C0215E93A400AD92B2 /* FacebookUserModel.swift */ = {isa = PBXFileReference; lastKnownFileType = sourcecode.swift; path = FacebookUserModel.swift; sourceTree = "<group>"; };
		1E0635C3215EBDED00AD92B2 /* MyProfileRequest.swift */ = {isa = PBXFileReference; lastKnownFileType = sourcecode.swift; path = MyProfileRequest.swift; sourceTree = "<group>"; };
		1E21AB342184FB9D0091EA67 /* LoginController.swift */ = {isa = PBXFileReference; lastKnownFileType = sourcecode.swift; path = LoginController.swift; sourceTree = "<group>"; };
		1E4D4D2D218EEBF000CC4E86 /* SharePhotoController.swift */ = {isa = PBXFileReference; lastKnownFileType = sourcecode.swift; path = SharePhotoController.swift; sourceTree = "<group>"; };
		1E6AC3802170DC9A00334DDD /* MainTabBarController.swift */ = {isa = PBXFileReference; lastKnownFileType = sourcecode.swift; path = MainTabBarController.swift; sourceTree = "<group>"; };
		1E6AC3822170DF4400334DDD /* UserProfileController.swift */ = {isa = PBXFileReference; lastKnownFileType = sourcecode.swift; path = UserProfileController.swift; sourceTree = "<group>"; };
		1EAF142321713E85009221B5 /* UserProfileHeader.swift */ = {isa = PBXFileReference; lastKnownFileType = sourcecode.swift; path = UserProfileHeader.swift; sourceTree = "<group>"; };
		1EC90F022144AB8A0060FCFB /* Instgram.app */ = {isa = PBXFileReference; explicitFileType = wrapper.application; includeInIndex = 0; path = Instgram.app; sourceTree = BUILT_PRODUCTS_DIR; };
		1EC90F052144AB8A0060FCFB /* AppDelegate.swift */ = {isa = PBXFileReference; lastKnownFileType = sourcecode.swift; path = AppDelegate.swift; sourceTree = "<group>"; };
		1EC90F072144AB8A0060FCFB /* SignUpController.swift */ = {isa = PBXFileReference; lastKnownFileType = sourcecode.swift; path = SignUpController.swift; sourceTree = "<group>"; };
		1EC90F0A2144AB8A0060FCFB /* Base */ = {isa = PBXFileReference; lastKnownFileType = file.storyboard; name = Base; path = Base.lproj/Main.storyboard; sourceTree = "<group>"; };
		1EC90F0C2144AB8C0060FCFB /* Assets.xcassets */ = {isa = PBXFileReference; lastKnownFileType = folder.assetcatalog; path = Assets.xcassets; sourceTree = "<group>"; };
		1EC90F0F2144AB8C0060FCFB /* Base */ = {isa = PBXFileReference; lastKnownFileType = file.storyboard; name = Base; path = Base.lproj/LaunchScreen.storyboard; sourceTree = "<group>"; };
		1EC90F112144AB8C0060FCFB /* Info.plist */ = {isa = PBXFileReference; lastKnownFileType = text.plist.xml; path = Info.plist; sourceTree = "<group>"; };
		1EC90F182144C61F0060FCFB /* Extensions.swift */ = {isa = PBXFileReference; lastKnownFileType = sourcecode.swift; path = Extensions.swift; sourceTree = "<group>"; };
		1EC90F1A2144DA110060FCFB /* GoogleService-Info.plist */ = {isa = PBXFileReference; fileEncoding = 4; lastKnownFileType = text.plist.xml; path = "GoogleService-Info.plist"; sourceTree = "<group>"; };
		1EE199D421891C9000167095 /* PhotoSelectorController.swift */ = {isa = PBXFileReference; lastKnownFileType = sourcecode.swift; path = PhotoSelectorController.swift; sourceTree = "<group>"; };
		1EE199D6218938D100167095 /* PhotoSelectorCell.swift */ = {isa = PBXFileReference; lastKnownFileType = sourcecode.swift; path = PhotoSelectorCell.swift; sourceTree = "<group>"; };
		63F390272192F99E00C780ED /* Post.swift */ = {isa = PBXFileReference; lastKnownFileType = sourcecode.swift; path = Post.swift; sourceTree = "<group>"; };
		63F390292193096F00C780ED /* UserProfilePhotoCell.swift */ = {isa = PBXFileReference; lastKnownFileType = sourcecode.swift; path = UserProfilePhotoCell.swift; sourceTree = "<group>"; };
		63F3902B21932C5600C780ED /* CustomImageView.swift */ = {isa = PBXFileReference; lastKnownFileType = sourcecode.swift; path = CustomImageView.swift; sourceTree = "<group>"; };
		684ABA74A7BFC798E96824B9 /* Pods_Instgram.framework */ = {isa = PBXFileReference; explicitFileType = wrapper.framework; includeInIndex = 0; path = Pods_Instgram.framework; sourceTree = BUILT_PRODUCTS_DIR; };
		80C6665B735F6D01888E5E84 /* Pods-Instgram.debug.xcconfig */ = {isa = PBXFileReference; includeInIndex = 1; lastKnownFileType = text.xcconfig; name = "Pods-Instgram.debug.xcconfig"; path = "Pods/Target Support Files/Pods-Instgram/Pods-Instgram.debug.xcconfig"; sourceTree = "<group>"; };
		EF082FB074FB71A3BB17EB76 /* Pods-Instgram.release.xcconfig */ = {isa = PBXFileReference; includeInIndex = 1; lastKnownFileType = text.xcconfig; name = "Pods-Instgram.release.xcconfig"; path = "Pods/Target Support Files/Pods-Instgram/Pods-Instgram.release.xcconfig"; sourceTree = "<group>"; };
/* End PBXFileReference section */

/* Begin PBXFrameworksBuildPhase section */
		1EC90EFF2144AB8A0060FCFB /* Frameworks */ = {
			isa = PBXFrameworksBuildPhase;
			buildActionMask = 2147483647;
			files = (
				BCFFEAE27A8AB344318C493D /* Pods_Instgram.framework in Frameworks */,
			);
			runOnlyForDeploymentPostprocessing = 0;
		};
/* End PBXFrameworksBuildPhase section */

/* Begin PBXGroup section */
		1E0635BF215E938500AD92B2 /* Model */ = {
			isa = PBXGroup;
			children = (
				1E0635C0215E93A400AD92B2 /* FacebookUserModel.swift */,
			);
			path = Model;
			sourceTree = "<group>";
		};
		1E0635C2215EBDBF00AD92B2 /* Services */ = {
			isa = PBXGroup;
			children = (
				1E0635C3215EBDED00AD92B2 /* MyProfileRequest.swift */,
			);
			path = Services;
			sourceTree = "<group>";
		};
		1E21AB332184FB750091EA67 /* Login */ = {
			isa = PBXGroup;
			children = (
				1E21AB342184FB9D0091EA67 /* LoginController.swift */,
				1EC90F072144AB8A0060FCFB /* SignUpController.swift */,
			);
			path = Login;
			sourceTree = "<group>";
		};
		1EAF142221713E64009221B5 /* UserProfile */ = {
			isa = PBXGroup;
			children = (
				1EAF142321713E85009221B5 /* UserProfileHeader.swift */,
				1E6AC3822170DF4400334DDD /* UserProfileController.swift */,
				63F390292193096F00C780ED /* UserProfilePhotoCell.swift */,
			);
			path = UserProfile;
			sourceTree = "<group>";
		};
		1EC90EF92144AB8A0060FCFB = {
			isa = PBXGroup;
			children = (
				1EC90F042144AB8A0060FCFB /* Instgram */,
				1EC90F032144AB8A0060FCFB /* Products */,
				45824FFDBC1DE5B8CB6CA5B4 /* Pods */,
				D091C5E89D74CCB03F0A0B1F /* Frameworks */,
			);
			sourceTree = "<group>";
		};
		1EC90F032144AB8A0060FCFB /* Products */ = {
			isa = PBXGroup;
			children = (
				1EC90F022144AB8A0060FCFB /* Instgram.app */,
			);
			name = Products;
			sourceTree = "<group>";
		};
		1EC90F042144AB8A0060FCFB /* Instgram */ = {
			isa = PBXGroup;
			children = (
				1EE199D321891C6B00167095 /* AddPhoto */,
				1E21AB332184FB750091EA67 /* Login */,
				1EAF142221713E64009221B5 /* UserProfile */,
				1E0635C2215EBDBF00AD92B2 /* Services */,
				1E0635BF215E938500AD92B2 /* Model */,
				1EC90F172144C6030060FCFB /* Utils */,
				1EC90F052144AB8A0060FCFB /* AppDelegate.swift */,
				1E6AC3802170DC9A00334DDD /* MainTabBarController.swift */,
				1EC90F092144AB8A0060FCFB /* Main.storyboard */,
				1EC90F0C2144AB8C0060FCFB /* Assets.xcassets */,
				1EC90F0E2144AB8C0060FCFB /* LaunchScreen.storyboard */,
				1E0635BB215E535E00AD92B2 /* Instgram.entitlements */,
				1EC90F1A2144DA110060FCFB /* GoogleService-Info.plist */,
				1EC90F112144AB8C0060FCFB /* Info.plist */,
			);
			path = Instgram;
			sourceTree = "<group>";
		};
		1EC90F172144C6030060FCFB /* Utils */ = {
			isa = PBXGroup;
			children = (
				1EC90F182144C61F0060FCFB /* Extensions.swift */,
				63F3902B21932C5600C780ED /* CustomImageView.swift */,
			);
			path = Utils;
			sourceTree = "<group>";
		};
		1EE199D321891C6B00167095 /* AddPhoto */ = {
			isa = PBXGroup;
			children = (
				63F390262192F98B00C780ED /* Model */,
				1EE199D421891C9000167095 /* PhotoSelectorController.swift */,
				1E4D4D2D218EEBF000CC4E86 /* SharePhotoController.swift */,
				1EE199D6218938D100167095 /* PhotoSelectorCell.swift */,
			);
			path = AddPhoto;
			sourceTree = "<group>";
		};
		45824FFDBC1DE5B8CB6CA5B4 /* Pods */ = {
			isa = PBXGroup;
			children = (
				80C6665B735F6D01888E5E84 /* Pods-Instgram.debug.xcconfig */,
				EF082FB074FB71A3BB17EB76 /* Pods-Instgram.release.xcconfig */,
			);
			name = Pods;
			sourceTree = "<group>";
		};
		63F390262192F98B00C780ED /* Model */ = {
			isa = PBXGroup;
			children = (
				63F390272192F99E00C780ED /* Post.swift */,
			);
			path = Model;
			sourceTree = "<group>";
		};
		D091C5E89D74CCB03F0A0B1F /* Frameworks */ = {
			isa = PBXGroup;
			children = (
				684ABA74A7BFC798E96824B9 /* Pods_Instgram.framework */,
			);
			name = Frameworks;
			sourceTree = "<group>";
		};
/* End PBXGroup section */

/* Begin PBXNativeTarget section */
		1EC90F012144AB8A0060FCFB /* Instgram */ = {
			isa = PBXNativeTarget;
			buildConfigurationList = 1EC90F142144AB8C0060FCFB /* Build configuration list for PBXNativeTarget "Instgram" */;
			buildPhases = (
				7BA32149F5609EE3F60513B8 /* [CP] Check Pods Manifest.lock */,
				1EC90EFE2144AB8A0060FCFB /* Sources */,
				1EC90EFF2144AB8A0060FCFB /* Frameworks */,
				1EC90F002144AB8A0060FCFB /* Resources */,
				03565F99364769C1E9B19830 /* [CP] Embed Pods Frameworks */,
			);
			buildRules = (
			);
			dependencies = (
			);
			name = Instgram;
			productName = Instgram;
			productReference = 1EC90F022144AB8A0060FCFB /* Instgram.app */;
			productType = "com.apple.product-type.application";
		};
/* End PBXNativeTarget section */

/* Begin PBXProject section */
		1EC90EFA2144AB8A0060FCFB /* Project object */ = {
			isa = PBXProject;
			attributes = {
				LastSwiftUpdateCheck = 0940;
				LastUpgradeCheck = 0940;
				ORGANIZATIONNAME = "Mahmoud Mohammed";
				TargetAttributes = {
					1EC90F012144AB8A0060FCFB = {
						CreatedOnToolsVersion = 9.4.1;
						SystemCapabilities = {
							com.apple.Keychain = {
								enabled = 1;
							};
						};
					};
				};
			};
			buildConfigurationList = 1EC90EFD2144AB8A0060FCFB /* Build configuration list for PBXProject "Instgram" */;
			compatibilityVersion = "Xcode 9.3";
			developmentRegion = en;
			hasScannedForEncodings = 0;
			knownRegions = (
				en,
				Base,
			);
			mainGroup = 1EC90EF92144AB8A0060FCFB;
			productRefGroup = 1EC90F032144AB8A0060FCFB /* Products */;
			projectDirPath = "";
			projectRoot = "";
			targets = (
				1EC90F012144AB8A0060FCFB /* Instgram */,
			);
		};
/* End PBXProject section */

/* Begin PBXResourcesBuildPhase section */
		1EC90F002144AB8A0060FCFB /* Resources */ = {
			isa = PBXResourcesBuildPhase;
			buildActionMask = 2147483647;
			files = (
				1EC90F102144AB8C0060FCFB /* LaunchScreen.storyboard in Resources */,
				1EC90F1B2144DA110060FCFB /* GoogleService-Info.plist in Resources */,
				1EC90F0D2144AB8C0060FCFB /* Assets.xcassets in Resources */,
				1EC90F0B2144AB8A0060FCFB /* Main.storyboard in Resources */,
			);
			runOnlyForDeploymentPostprocessing = 0;
		};
/* End PBXResourcesBuildPhase section */

/* Begin PBXShellScriptBuildPhase section */
		03565F99364769C1E9B19830 /* [CP] Embed Pods Frameworks */ = {
			isa = PBXShellScriptBuildPhase;
			buildActionMask = 2147483647;
			files = (
			);
			inputFileListPaths = (
			);
			inputPaths = (
				"${SRCROOT}/Pods/Target Support Files/Pods-Instgram/Pods-Instgram-frameworks.sh",
				"${BUILT_PRODUCTS_DIR}/Bolts/Bolts.framework",
				"${BUILT_PRODUCTS_DIR}/FBSDKCoreKit/FBSDKCoreKit.framework",
				"${BUILT_PRODUCTS_DIR}/FBSDKLoginKit/FBSDKLoginKit.framework",
				"${BUILT_PRODUCTS_DIR}/FBSDKShareKit/FBSDKShareKit.framework",
				"${BUILT_PRODUCTS_DIR}/FacebookCore/FacebookCore.framework",
				"${BUILT_PRODUCTS_DIR}/FacebookLogin/FacebookLogin.framework",
				"${BUILT_PRODUCTS_DIR}/FacebookShare/FacebookShare.framework",
				"${BUILT_PRODUCTS_DIR}/GTMSessionFetcher/GTMSessionFetcher.framework",
				"${BUILT_PRODUCTS_DIR}/GoogleUtilities/GoogleUtilities.framework",
				"${BUILT_PRODUCTS_DIR}/SwiftyJSON/SwiftyJSON.framework",
				"${BUILT_PRODUCTS_DIR}/leveldb-library/leveldb.framework",
				"${BUILT_PRODUCTS_DIR}/nanopb/nanopb.framework",
			);
			name = "[CP] Embed Pods Frameworks";
			outputFileListPaths = (
			);
			outputPaths = (
				"${TARGET_BUILD_DIR}/${FRAMEWORKS_FOLDER_PATH}/Bolts.framework",
				"${TARGET_BUILD_DIR}/${FRAMEWORKS_FOLDER_PATH}/FBSDKCoreKit.framework",
				"${TARGET_BUILD_DIR}/${FRAMEWORKS_FOLDER_PATH}/FBSDKLoginKit.framework",
				"${TARGET_BUILD_DIR}/${FRAMEWORKS_FOLDER_PATH}/FBSDKShareKit.framework",
				"${TARGET_BUILD_DIR}/${FRAMEWORKS_FOLDER_PATH}/FacebookCore.framework",
				"${TARGET_BUILD_DIR}/${FRAMEWORKS_FOLDER_PATH}/FacebookLogin.framework",
				"${TARGET_BUILD_DIR}/${FRAMEWORKS_FOLDER_PATH}/FacebookShare.framework",
				"${TARGET_BUILD_DIR}/${FRAMEWORKS_FOLDER_PATH}/GTMSessionFetcher.framework",
				"${TARGET_BUILD_DIR}/${FRAMEWORKS_FOLDER_PATH}/GoogleUtilities.framework",
				"${TARGET_BUILD_DIR}/${FRAMEWORKS_FOLDER_PATH}/SwiftyJSON.framework",
				"${TARGET_BUILD_DIR}/${FRAMEWORKS_FOLDER_PATH}/leveldb.framework",
				"${TARGET_BUILD_DIR}/${FRAMEWORKS_FOLDER_PATH}/nanopb.framework",
			);
			runOnlyForDeploymentPostprocessing = 0;
			shellPath = /bin/sh;
			shellScript = "\"${SRCROOT}/Pods/Target Support Files/Pods-Instgram/Pods-Instgram-frameworks.sh\"\n";
			showEnvVarsInLog = 0;
		};
		7BA32149F5609EE3F60513B8 /* [CP] Check Pods Manifest.lock */ = {
			isa = PBXShellScriptBuildPhase;
			buildActionMask = 2147483647;
			files = (
			);
			inputFileListPaths = (
			);
			inputPaths = (
				"${PODS_PODFILE_DIR_PATH}/Podfile.lock",
				"${PODS_ROOT}/Manifest.lock",
			);
			name = "[CP] Check Pods Manifest.lock";
			outputFileListPaths = (
			);
			outputPaths = (
				"$(DERIVED_FILE_DIR)/Pods-Instgram-checkManifestLockResult.txt",
			);
			runOnlyForDeploymentPostprocessing = 0;
			shellPath = /bin/sh;
			shellScript = "diff \"${PODS_PODFILE_DIR_PATH}/Podfile.lock\" \"${PODS_ROOT}/Manifest.lock\" > /dev/null\nif [ $? != 0 ] ; then\n    # print error to STDERR\n    echo \"error: The sandbox is not in sync with the Podfile.lock. Run 'pod install' or update your CocoaPods installation.\" >&2\n    exit 1\nfi\n# This output is used by Xcode 'outputs' to avoid re-running this script phase.\necho \"SUCCESS\" > \"${SCRIPT_OUTPUT_FILE_0}\"\n";
			showEnvVarsInLog = 0;
		};
/* End PBXShellScriptBuildPhase section */

/* Begin PBXSourcesBuildPhase section */
		1EC90EFE2144AB8A0060FCFB /* Sources */ = {
			isa = PBXSourcesBuildPhase;
			buildActionMask = 2147483647;
			files = (
				1EE199D7218938D100167095 /* PhotoSelectorCell.swift in Sources */,
				1E0635C1215E93A400AD92B2 /* FacebookUserModel.swift in Sources */,
				1EC90F082144AB8A0060FCFB /* SignUpController.swift in Sources */,
				1E0635C4215EBDED00AD92B2 /* MyProfileRequest.swift in Sources */,
				63F3902C21932C5600C780ED /* CustomImageView.swift in Sources */,
				63F390282192F99E00C780ED /* Post.swift in Sources */,
				1EAF142421713E85009221B5 /* UserProfileHeader.swift in Sources */,
				1E21AB352184FB9D0091EA67 /* LoginController.swift in Sources */,
				1E4D4D2E218EEBF000CC4E86 /* SharePhotoController.swift in Sources */,
				1EC90F192144C61F0060FCFB /* Extensions.swift in Sources */,
				1E6AC3832170DF4400334DDD /* UserProfileController.swift in Sources */,
				1EC90F062144AB8A0060FCFB /* AppDelegate.swift in Sources */,
				63F3902A2193096F00C780ED /* UserProfilePhotoCell.swift in Sources */,
				1E6AC3812170DC9A00334DDD /* MainTabBarController.swift in Sources */,
				1EE199D521891C9000167095 /* PhotoSelectorController.swift in Sources */,
			);
			runOnlyForDeploymentPostprocessing = 0;
		};
/* End PBXSourcesBuildPhase section */

/* Begin PBXVariantGroup section */
		1EC90F092144AB8A0060FCFB /* Main.storyboard */ = {
			isa = PBXVariantGroup;
			children = (
				1EC90F0A2144AB8A0060FCFB /* Base */,
			);
			name = Main.storyboard;
			sourceTree = "<group>";
		};
		1EC90F0E2144AB8C0060FCFB /* LaunchScreen.storyboard */ = {
			isa = PBXVariantGroup;
			children = (
				1EC90F0F2144AB8C0060FCFB /* Base */,
			);
			name = LaunchScreen.storyboard;
			sourceTree = "<group>";
		};
/* End PBXVariantGroup section */

/* Begin XCBuildConfiguration section */
		1EC90F122144AB8C0060FCFB /* Debug */ = {
			isa = XCBuildConfiguration;
			buildSettings = {
				ALWAYS_SEARCH_USER_PATHS = NO;
				CLANG_ANALYZER_NONNULL = YES;
				CLANG_ANALYZER_NUMBER_OBJECT_CONVERSION = YES_AGGRESSIVE;
				CLANG_CXX_LANGUAGE_STANDARD = "gnu++14";
				CLANG_CXX_LIBRARY = "libc++";
				CLANG_ENABLE_MODULES = YES;
				CLANG_ENABLE_OBJC_ARC = YES;
				CLANG_ENABLE_OBJC_WEAK = YES;
				CLANG_WARN_BLOCK_CAPTURE_AUTORELEASING = YES;
				CLANG_WARN_BOOL_CONVERSION = YES;
				CLANG_WARN_COMMA = YES;
				CLANG_WARN_CONSTANT_CONVERSION = YES;
				CLANG_WARN_DEPRECATED_OBJC_IMPLEMENTATIONS = YES;
				CLANG_WARN_DIRECT_OBJC_ISA_USAGE = YES_ERROR;
				CLANG_WARN_DOCUMENTATION_COMMENTS = YES;
				CLANG_WARN_EMPTY_BODY = YES;
				CLANG_WARN_ENUM_CONVERSION = YES;
				CLANG_WARN_INFINITE_RECURSION = YES;
				CLANG_WARN_INT_CONVERSION = YES;
				CLANG_WARN_NON_LITERAL_NULL_CONVERSION = YES;
				CLANG_WARN_OBJC_IMPLICIT_RETAIN_SELF = YES;
				CLANG_WARN_OBJC_LITERAL_CONVERSION = YES;
				CLANG_WARN_OBJC_ROOT_CLASS = YES_ERROR;
				CLANG_WARN_RANGE_LOOP_ANALYSIS = YES;
				CLANG_WARN_STRICT_PROTOTYPES = YES;
				CLANG_WARN_SUSPICIOUS_MOVE = YES;
				CLANG_WARN_UNGUARDED_AVAILABILITY = YES_AGGRESSIVE;
				CLANG_WARN_UNREACHABLE_CODE = YES;
				CLANG_WARN__DUPLICATE_METHOD_MATCH = YES;
				CODE_SIGN_IDENTITY = "iPhone Developer";
				COPY_PHASE_STRIP = NO;
				DEBUG_INFORMATION_FORMAT = dwarf;
				ENABLE_STRICT_OBJC_MSGSEND = YES;
				ENABLE_TESTABILITY = YES;
				GCC_C_LANGUAGE_STANDARD = gnu11;
				GCC_DYNAMIC_NO_PIC = NO;
				GCC_NO_COMMON_BLOCKS = YES;
				GCC_OPTIMIZATION_LEVEL = 0;
				GCC_PREPROCESSOR_DEFINITIONS = (
					"DEBUG=1",
					"$(inherited)",
				);
				GCC_WARN_64_TO_32_BIT_CONVERSION = YES;
				GCC_WARN_ABOUT_RETURN_TYPE = YES_ERROR;
				GCC_WARN_UNDECLARED_SELECTOR = YES;
				GCC_WARN_UNINITIALIZED_AUTOS = YES_AGGRESSIVE;
				GCC_WARN_UNUSED_FUNCTION = YES;
				GCC_WARN_UNUSED_VARIABLE = YES;
				IPHONEOS_DEPLOYMENT_TARGET = 11.4;
				MTL_ENABLE_DEBUG_INFO = YES;
				ONLY_ACTIVE_ARCH = YES;
				SDKROOT = iphoneos;
				SWIFT_ACTIVE_COMPILATION_CONDITIONS = DEBUG;
				SWIFT_OPTIMIZATION_LEVEL = "-Onone";
			};
			name = Debug;
		};
		1EC90F132144AB8C0060FCFB /* Release */ = {
			isa = XCBuildConfiguration;
			buildSettings = {
				ALWAYS_SEARCH_USER_PATHS = NO;
				CLANG_ANALYZER_NONNULL = YES;
				CLANG_ANALYZER_NUMBER_OBJECT_CONVERSION = YES_AGGRESSIVE;
				CLANG_CXX_LANGUAGE_STANDARD = "gnu++14";
				CLANG_CXX_LIBRARY = "libc++";
				CLANG_ENABLE_MODULES = YES;
				CLANG_ENABLE_OBJC_ARC = YES;
				CLANG_ENABLE_OBJC_WEAK = YES;
				CLANG_WARN_BLOCK_CAPTURE_AUTORELEASING = YES;
				CLANG_WARN_BOOL_CONVERSION = YES;
				CLANG_WARN_COMMA = YES;
				CLANG_WARN_CONSTANT_CONVERSION = YES;
				CLANG_WARN_DEPRECATED_OBJC_IMPLEMENTATIONS = YES;
				CLANG_WARN_DIRECT_OBJC_ISA_USAGE = YES_ERROR;
				CLANG_WARN_DOCUMENTATION_COMMENTS = YES;
				CLANG_WARN_EMPTY_BODY = YES;
				CLANG_WARN_ENUM_CONVERSION = YES;
				CLANG_WARN_INFINITE_RECURSION = YES;
				CLANG_WARN_INT_CONVERSION = YES;
				CLANG_WARN_NON_LITERAL_NULL_CONVERSION = YES;
				CLANG_WARN_OBJC_IMPLICIT_RETAIN_SELF = YES;
				CLANG_WARN_OBJC_LITERAL_CONVERSION = YES;
				CLANG_WARN_OBJC_ROOT_CLASS = YES_ERROR;
				CLANG_WARN_RANGE_LOOP_ANALYSIS = YES;
				CLANG_WARN_STRICT_PROTOTYPES = YES;
				CLANG_WARN_SUSPICIOUS_MOVE = YES;
				CLANG_WARN_UNGUARDED_AVAILABILITY = YES_AGGRESSIVE;
				CLANG_WARN_UNREACHABLE_CODE = YES;
				CLANG_WARN__DUPLICATE_METHOD_MATCH = YES;
				CODE_SIGN_IDENTITY = "iPhone Developer";
				COPY_PHASE_STRIP = NO;
				DEBUG_INFORMATION_FORMAT = "dwarf-with-dsym";
				ENABLE_NS_ASSERTIONS = NO;
				ENABLE_STRICT_OBJC_MSGSEND = YES;
				GCC_C_LANGUAGE_STANDARD = gnu11;
				GCC_NO_COMMON_BLOCKS = YES;
				GCC_WARN_64_TO_32_BIT_CONVERSION = YES;
				GCC_WARN_ABOUT_RETURN_TYPE = YES_ERROR;
				GCC_WARN_UNDECLARED_SELECTOR = YES;
				GCC_WARN_UNINITIALIZED_AUTOS = YES_AGGRESSIVE;
				GCC_WARN_UNUSED_FUNCTION = YES;
				GCC_WARN_UNUSED_VARIABLE = YES;
				IPHONEOS_DEPLOYMENT_TARGET = 11.4;
				MTL_ENABLE_DEBUG_INFO = NO;
				SDKROOT = iphoneos;
				SWIFT_COMPILATION_MODE = wholemodule;
				SWIFT_OPTIMIZATION_LEVEL = "-O";
				VALIDATE_PRODUCT = YES;
			};
			name = Release;
		};
		1EC90F152144AB8C0060FCFB /* Debug */ = {
			isa = XCBuildConfiguration;
			baseConfigurationReference = 80C6665B735F6D01888E5E84 /* Pods-Instgram.debug.xcconfig */;
			buildSettings = {
				ASSETCATALOG_COMPILER_APPICON_NAME = AppIcon;
				CODE_SIGN_ENTITLEMENTS = Instgram/Instgram.entitlements;
				CODE_SIGN_STYLE = Automatic;
				DEVELOPMENT_TEAM = J58H58LN5G;
				INFOPLIST_FILE = Instgram/Info.plist;
				LD_RUNPATH_SEARCH_PATHS = (
					"$(inherited)",
					"@executable_path/Frameworks",
				);
				PRODUCT_BUNDLE_IDENTIFIER = com.casio.Instgram;
				PRODUCT_NAME = "$(TARGET_NAME)";
				SWIFT_VERSION = 4.0;
				TARGETED_DEVICE_FAMILY = "1,2";
			};
			name = Debug;
		};
		1EC90F162144AB8C0060FCFB /* Release */ = {
			isa = XCBuildConfiguration;
			baseConfigurationReference = EF082FB074FB71A3BB17EB76 /* Pods-Instgram.release.xcconfig */;
			buildSettings = {
				ASSETCATALOG_COMPILER_APPICON_NAME = AppIcon;
				CODE_SIGN_ENTITLEMENTS = Instgram/Instgram.entitlements;
				CODE_SIGN_STYLE = Automatic;
				DEVELOPMENT_TEAM = J58H58LN5G;
				INFOPLIST_FILE = Instgram/Info.plist;
				LD_RUNPATH_SEARCH_PATHS = (
					"$(inherited)",
					"@executable_path/Frameworks",
				);
				PRODUCT_BUNDLE_IDENTIFIER = com.casio.Instgram;
				PRODUCT_NAME = "$(TARGET_NAME)";
				SWIFT_VERSION = 4.0;
				TARGETED_DEVICE_FAMILY = "1,2";
			};
			name = Release;
		};
/* End XCBuildConfiguration section */

/* Begin XCConfigurationList section */
		1EC90EFD2144AB8A0060FCFB /* Build configuration list for PBXProject "Instgram" */ = {
			isa = XCConfigurationList;
			buildConfigurations = (
				1EC90F122144AB8C0060FCFB /* Debug */,
				1EC90F132144AB8C0060FCFB /* Release */,
			);
			defaultConfigurationIsVisible = 0;
			defaultConfigurationName = Release;
		};
		1EC90F142144AB8C0060FCFB /* Build configuration list for PBXNativeTarget "Instgram" */ = {
			isa = XCConfigurationList;
			buildConfigurations = (
				1EC90F152144AB8C0060FCFB /* Debug */,
				1EC90F162144AB8C0060FCFB /* Release */,
			);
			defaultConfigurationIsVisible = 0;
			defaultConfigurationName = Release;
		};
/* End XCConfigurationList section */
	};
	rootObject = 1EC90EFA2144AB8A0060FCFB /* Project object */;
}
